
Microsoft Visual Studio Solution File, Format Version 12.00
# Visual Studio Version 17
VisualStudioVersion = 17.9.34701.34
MinimumVisualStudioVersion = 10.0.40219.1
Project("{FAE04EC0-301F-11D3-BF4B-00C04F79EFBC}") = "game_caro", "game_caro\game_caro.csproj", "{46D5BD1A-E9BB-43D5-973E-211C7DD75718}"
EndProject
Global
	GlobalSection(SolutionConfigurationPlatforms) = preSolution
		Debug|Any CPU = Debug|Any CPU
		Release|Any CPU = Release|Any CPU
	EndGlobalSection
	GlobalSection(ProjectConfigurationPlatforms) = postSolution
		{46D5BD1A-E9BB-43D5-973E-211C7DD75718}.Debug|Any CPU.ActiveCfg = Debug|Any CPU
		{46D5BD1A-E9BB-43D5-973E-211C7DD75718}.Debug|Any CPU.Build.0 = Debug|Any CPU
		{46D5BD1A-E9BB-43D5-973E-211C7DD75718}.Release|Any CPU.ActiveCfg = Release|Any CPU
		{46D5BD1A-E9BB-43D5-973E-211C7DD75718}.Release|Any CPU.Build.0 = Release|Any CPU
	EndGlobalSection
	GlobalSection(SolutionProperties) = preSolution
		HideSolutionNode = FALSE
	EndGlobalSection
	GlobalSection(ExtensibilityGlobals) = postSolution
		SolutionGuid = {03185B62-ECBD-457F-B9A7-5F6923E1852D}
	EndGlobalSection
EndGlobal
