
Microsoft Visual Studio Solution File, Format Version 12.00
# Visual Studio Version 17
VisualStudioVersion = 17.9.34723.18
MinimumVisualStudioVersion = 10.0.40219.1
Project("{FAE04EC0-301F-11D3-BF4B-00C04F79EFBC}") = "network_core_1", "network_core_1\network_core_1.csproj", "{F8E6E466-84BE-4F52-A977-68B507D07BBD}"
EndProject
Global
	GlobalSection(SolutionConfigurationPlatforms) = preSolution
		Debug|Any CPU = Debug|Any CPU
		Release|Any CPU = Release|Any CPU
	EndGlobalSection
	GlobalSection(ProjectConfigurationPlatforms) = postSolution
		{F8E6E466-84BE-4F52-A977-68B507D07BBD}.Debug|Any CPU.ActiveCfg = Debug|Any CPU
		{F8E6E466-84BE-4F52-A977-68B507D07BBD}.Debug|Any CPU.Build.0 = Debug|Any CPU
		{F8E6E466-84BE-4F52-A977-68B507D07BBD}.Release|Any CPU.ActiveCfg = Release|Any CPU
		{F8E6E466-84BE-4F52-A977-68B507D07BBD}.Release|Any CPU.Build.0 = Release|Any CPU
	EndGlobalSection
	GlobalSection(SolutionProperties) = preSolution
		HideSolutionNode = FALSE
	EndGlobalSection
	GlobalSection(ExtensibilityGlobals) = postSolution
		SolutionGuid = {13C3EF13-CCB5-48CE-929F-A8FFACD36D1D}
	EndGlobalSection
EndGlobal
